
Microsoft Visual Studio Solution File, Format Version 12.00
# Visual Studio 14
VisualStudioVersion = 14.0.23107.0
MinimumVisualStudioVersion = 10.0.40219.1
Project("{FAE04EC0-301F-11D3-BF4B-00C04F79EFBC}") = "CashLady.WebAPI", "eShop.WebAPI\CashLady.WebAPI.csproj", "{08225F15-0A29-489A-B4E4-5735E539D00A}"
EndProject
Project("{FAE04EC0-301F-11D3-BF4B-00C04F79EFBC}") = "CashLady.CqrsLib.ServiceBus.MassTransit", "cashLady.CqrsLib.ServiceBus.MassTransit\CashLady.CqrsLib.ServiceBus.MassTransit.csproj", "{6B27DB78-869B-4B9F-AE42-48C30DAF53E0}"
EndProject
Project("{FAE04EC0-301F-11D3-BF4B-00C04F79EFBC}") = "CashLady.CqrsLib", "cashLady.CqrsLib\CashLady.CqrsLib.csproj", "{D46D0B3E-2C8C-4B88-B348-593F8472E641}"
EndProject
Project("{FAE04EC0-301F-11D3-BF4B-00C04F79EFBC}") = "CashLady.CqrsLib.EventStore.NEventStore", "CashLady.CqrsLib.EventStore.NEventStore\CashLady.CqrsLib.EventStore.NEventStore.csproj", "{8AAF401C-6098-4A12-A9E9-D9B61BDCC62B}"
EndProject
Project("{FAE04EC0-301F-11D3-BF4B-00C04F79EFBC}") = "CashLady.CqrsLib.EventStore.InMemory", "CashLady.CqrsLib.EventStore.InMemory\CashLady.CqrsLib.EventStore.InMemory.csproj", "{2960549B-7661-4DEE-BCD5-8DE1CF667378}"
EndProject
Project("{FAE04EC0-301F-11D3-BF4B-00C04F79EFBC}") = "CashLady.Domain", "CashLady.Domain\CashLady.Domain.csproj", "{D150987F-34DD-43FC-8CAF-B46797215D6D}"
EndProject
Project("{FAE04EC0-301F-11D3-BF4B-00C04F79EFBC}") = "CashLady.WebAPI.Tests", "CashLady.WebAPI.Tests\CashLady.WebAPI.Tests.csproj", "{6C32211C-016A-4A84-9C1C-D2EFBC72E261}"
EndProject
Project("{FAE04EC0-301F-11D3-BF4B-00C04F79EFBC}") = "CashLady.Services", "CashLady.Services\CashLady.Services.csproj", "{11A8D8F6-9E66-412E-9BFC-81CBA6DE7BA9}"
EndProject
Project("{FAE04EC0-301F-11D3-BF4B-00C04F79EFBC}") = "CashLady.Denormalizer", "CashLady.Denormalizer\CashLady.Denormalizer.csproj", "{074AC294-A3E2-4B62-8776-64C47D31BB17}"
EndProject
Global
	GlobalSection(SolutionConfigurationPlatforms) = preSolution
		Debug|Any CPU = Debug|Any CPU
		Debug|ARM = Debug|ARM
		Debug|x64 = Debug|x64
		Debug|x86 = Debug|x86
		Release|Any CPU = Release|Any CPU
		Release|ARM = Release|ARM
		Release|x64 = Release|x64
		Release|x86 = Release|x86
	EndGlobalSection
	GlobalSection(ProjectConfigurationPlatforms) = postSolution
		{08225F15-0A29-489A-B4E4-5735E539D00A}.Debug|Any CPU.ActiveCfg = Debug|Any CPU
		{08225F15-0A29-489A-B4E4-5735E539D00A}.Debug|Any CPU.Build.0 = Debug|Any CPU
		{08225F15-0A29-489A-B4E4-5735E539D00A}.Debug|ARM.ActiveCfg = Debug|Any CPU
		{08225F15-0A29-489A-B4E4-5735E539D00A}.Debug|ARM.Build.0 = Debug|Any CPU
		{08225F15-0A29-489A-B4E4-5735E539D00A}.Debug|x64.ActiveCfg = Debug|Any CPU
		{08225F15-0A29-489A-B4E4-5735E539D00A}.Debug|x64.Build.0 = Debug|Any CPU
		{08225F15-0A29-489A-B4E4-5735E539D00A}.Debug|x86.ActiveCfg = Debug|Any CPU
		{08225F15-0A29-489A-B4E4-5735E539D00A}.Debug|x86.Build.0 = Debug|Any CPU
		{08225F15-0A29-489A-B4E4-5735E539D00A}.Release|Any CPU.ActiveCfg = Release|Any CPU
		{08225F15-0A29-489A-B4E4-5735E539D00A}.Release|Any CPU.Build.0 = Release|Any CPU
		{08225F15-0A29-489A-B4E4-5735E539D00A}.Release|ARM.ActiveCfg = Release|Any CPU
		{08225F15-0A29-489A-B4E4-5735E539D00A}.Release|ARM.Build.0 = Release|Any CPU
		{08225F15-0A29-489A-B4E4-5735E539D00A}.Release|x64.ActiveCfg = Release|Any CPU
		{08225F15-0A29-489A-B4E4-5735E539D00A}.Release|x64.Build.0 = Release|Any CPU
		{08225F15-0A29-489A-B4E4-5735E539D00A}.Release|x86.ActiveCfg = Release|Any CPU
		{08225F15-0A29-489A-B4E4-5735E539D00A}.Release|x86.Build.0 = Release|Any CPU
		{6B27DB78-869B-4B9F-AE42-48C30DAF53E0}.Debug|Any CPU.ActiveCfg = Debug|Any CPU
		{6B27DB78-869B-4B9F-AE42-48C30DAF53E0}.Debug|Any CPU.Build.0 = Debug|Any CPU
		{6B27DB78-869B-4B9F-AE42-48C30DAF53E0}.Debug|ARM.ActiveCfg = Debug|Any CPU
		{6B27DB78-869B-4B9F-AE42-48C30DAF53E0}.Debug|x64.ActiveCfg = Debug|Any CPU
		{6B27DB78-869B-4B9F-AE42-48C30DAF53E0}.Debug|x86.ActiveCfg = Debug|Any CPU
		{6B27DB78-869B-4B9F-AE42-48C30DAF53E0}.Release|Any CPU.ActiveCfg = Release|Any CPU
		{6B27DB78-869B-4B9F-AE42-48C30DAF53E0}.Release|Any CPU.Build.0 = Release|Any CPU
		{6B27DB78-869B-4B9F-AE42-48C30DAF53E0}.Release|ARM.ActiveCfg = Release|Any CPU
		{6B27DB78-869B-4B9F-AE42-48C30DAF53E0}.Release|x64.ActiveCfg = Release|Any CPU
		{6B27DB78-869B-4B9F-AE42-48C30DAF53E0}.Release|x86.ActiveCfg = Release|Any CPU
		{D46D0B3E-2C8C-4B88-B348-593F8472E641}.Debug|Any CPU.ActiveCfg = Debug|Any CPU
		{D46D0B3E-2C8C-4B88-B348-593F8472E641}.Debug|Any CPU.Build.0 = Debug|Any CPU
		{D46D0B3E-2C8C-4B88-B348-593F8472E641}.Debug|ARM.ActiveCfg = Debug|Any CPU
		{D46D0B3E-2C8C-4B88-B348-593F8472E641}.Debug|x64.ActiveCfg = Debug|Any CPU
		{D46D0B3E-2C8C-4B88-B348-593F8472E641}.Debug|x86.ActiveCfg = Debug|Any CPU
		{D46D0B3E-2C8C-4B88-B348-593F8472E641}.Release|Any CPU.ActiveCfg = Release|Any CPU
		{D46D0B3E-2C8C-4B88-B348-593F8472E641}.Release|Any CPU.Build.0 = Release|Any CPU
		{D46D0B3E-2C8C-4B88-B348-593F8472E641}.Release|ARM.ActiveCfg = Release|Any CPU
		{D46D0B3E-2C8C-4B88-B348-593F8472E641}.Release|x64.ActiveCfg = Release|Any CPU
		{D46D0B3E-2C8C-4B88-B348-593F8472E641}.Release|x86.ActiveCfg = Release|Any CPU
		{8AAF401C-6098-4A12-A9E9-D9B61BDCC62B}.Debug|Any CPU.ActiveCfg = Debug|Any CPU
		{8AAF401C-6098-4A12-A9E9-D9B61BDCC62B}.Debug|Any CPU.Build.0 = Debug|Any CPU
		{8AAF401C-6098-4A12-A9E9-D9B61BDCC62B}.Debug|ARM.ActiveCfg = Debug|Any CPU
		{8AAF401C-6098-4A12-A9E9-D9B61BDCC62B}.Debug|ARM.Build.0 = Debug|Any CPU
		{8AAF401C-6098-4A12-A9E9-D9B61BDCC62B}.Debug|x64.ActiveCfg = Debug|Any CPU
		{8AAF401C-6098-4A12-A9E9-D9B61BDCC62B}.Debug|x64.Build.0 = Debug|Any CPU
		{8AAF401C-6098-4A12-A9E9-D9B61BDCC62B}.Debug|x86.ActiveCfg = Debug|Any CPU
		{8AAF401C-6098-4A12-A9E9-D9B61BDCC62B}.Debug|x86.Build.0 = Debug|Any CPU
		{8AAF401C-6098-4A12-A9E9-D9B61BDCC62B}.Release|Any CPU.ActiveCfg = Release|Any CPU
		{8AAF401C-6098-4A12-A9E9-D9B61BDCC62B}.Release|Any CPU.Build.0 = Release|Any CPU
		{8AAF401C-6098-4A12-A9E9-D9B61BDCC62B}.Release|ARM.ActiveCfg = Release|Any CPU
		{8AAF401C-6098-4A12-A9E9-D9B61BDCC62B}.Release|ARM.Build.0 = Release|Any CPU
		{8AAF401C-6098-4A12-A9E9-D9B61BDCC62B}.Release|x64.ActiveCfg = Release|Any CPU
		{8AAF401C-6098-4A12-A9E9-D9B61BDCC62B}.Release|x64.Build.0 = Release|Any CPU
		{8AAF401C-6098-4A12-A9E9-D9B61BDCC62B}.Release|x86.ActiveCfg = Release|Any CPU
		{8AAF401C-6098-4A12-A9E9-D9B61BDCC62B}.Release|x86.Build.0 = Release|Any CPU
		{2960549B-7661-4DEE-BCD5-8DE1CF667378}.Debug|Any CPU.ActiveCfg = Debug|Any CPU
		{2960549B-7661-4DEE-BCD5-8DE1CF667378}.Debug|Any CPU.Build.0 = Debug|Any CPU
		{2960549B-7661-4DEE-BCD5-8DE1CF667378}.Debug|ARM.ActiveCfg = Debug|Any CPU
		{2960549B-7661-4DEE-BCD5-8DE1CF667378}.Debug|ARM.Build.0 = Debug|Any CPU
		{2960549B-7661-4DEE-BCD5-8DE1CF667378}.Debug|x64.ActiveCfg = Debug|Any CPU
		{2960549B-7661-4DEE-BCD5-8DE1CF667378}.Debug|x64.Build.0 = Debug|Any CPU
		{2960549B-7661-4DEE-BCD5-8DE1CF667378}.Debug|x86.ActiveCfg = Debug|Any CPU
		{2960549B-7661-4DEE-BCD5-8DE1CF667378}.Debug|x86.Build.0 = Debug|Any CPU
		{2960549B-7661-4DEE-BCD5-8DE1CF667378}.Release|Any CPU.ActiveCfg = Release|Any CPU
		{2960549B-7661-4DEE-BCD5-8DE1CF667378}.Release|Any CPU.Build.0 = Release|Any CPU
		{2960549B-7661-4DEE-BCD5-8DE1CF667378}.Release|ARM.ActiveCfg = Release|Any CPU
		{2960549B-7661-4DEE-BCD5-8DE1CF667378}.Release|ARM.Build.0 = Release|Any CPU
		{2960549B-7661-4DEE-BCD5-8DE1CF667378}.Release|x64.ActiveCfg = Release|Any CPU
		{2960549B-7661-4DEE-BCD5-8DE1CF667378}.Release|x64.Build.0 = Release|Any CPU
		{2960549B-7661-4DEE-BCD5-8DE1CF667378}.Release|x86.ActiveCfg = Release|Any CPU
		{2960549B-7661-4DEE-BCD5-8DE1CF667378}.Release|x86.Build.0 = Release|Any CPU
		{D150987F-34DD-43FC-8CAF-B46797215D6D}.Debug|Any CPU.ActiveCfg = Debug|Any CPU
		{D150987F-34DD-43FC-8CAF-B46797215D6D}.Debug|Any CPU.Build.0 = Debug|Any CPU
		{D150987F-34DD-43FC-8CAF-B46797215D6D}.Debug|ARM.ActiveCfg = Debug|Any CPU
		{D150987F-34DD-43FC-8CAF-B46797215D6D}.Debug|ARM.Build.0 = Debug|Any CPU
		{D150987F-34DD-43FC-8CAF-B46797215D6D}.Debug|x64.ActiveCfg = Debug|Any CPU
		{D150987F-34DD-43FC-8CAF-B46797215D6D}.Debug|x64.Build.0 = Debug|Any CPU
		{D150987F-34DD-43FC-8CAF-B46797215D6D}.Debug|x86.ActiveCfg = Debug|Any CPU
		{D150987F-34DD-43FC-8CAF-B46797215D6D}.Debug|x86.Build.0 = Debug|Any CPU
		{D150987F-34DD-43FC-8CAF-B46797215D6D}.Release|Any CPU.ActiveCfg = Release|Any CPU
		{D150987F-34DD-43FC-8CAF-B46797215D6D}.Release|Any CPU.Build.0 = Release|Any CPU
		{D150987F-34DD-43FC-8CAF-B46797215D6D}.Release|ARM.ActiveCfg = Release|Any CPU
		{D150987F-34DD-43FC-8CAF-B46797215D6D}.Release|ARM.Build.0 = Release|Any CPU
		{D150987F-34DD-43FC-8CAF-B46797215D6D}.Release|x64.ActiveCfg = Release|Any CPU
		{D150987F-34DD-43FC-8CAF-B46797215D6D}.Release|x64.Build.0 = Release|Any CPU
		{D150987F-34DD-43FC-8CAF-B46797215D6D}.Release|x86.ActiveCfg = Release|Any CPU
		{D150987F-34DD-43FC-8CAF-B46797215D6D}.Release|x86.Build.0 = Release|Any CPU
		{6C32211C-016A-4A84-9C1C-D2EFBC72E261}.Debug|Any CPU.ActiveCfg = Debug|Any CPU
		{6C32211C-016A-4A84-9C1C-D2EFBC72E261}.Debug|Any CPU.Build.0 = Debug|Any CPU
		{6C32211C-016A-4A84-9C1C-D2EFBC72E261}.Debug|ARM.ActiveCfg = Debug|Any CPU
		{6C32211C-016A-4A84-9C1C-D2EFBC72E261}.Debug|ARM.Build.0 = Debug|Any CPU
		{6C32211C-016A-4A84-9C1C-D2EFBC72E261}.Debug|x64.ActiveCfg = Debug|Any CPU
		{6C32211C-016A-4A84-9C1C-D2EFBC72E261}.Debug|x64.Build.0 = Debug|Any CPU
		{6C32211C-016A-4A84-9C1C-D2EFBC72E261}.Debug|x86.ActiveCfg = Debug|Any CPU
		{6C32211C-016A-4A84-9C1C-D2EFBC72E261}.Debug|x86.Build.0 = Debug|Any CPU
		{6C32211C-016A-4A84-9C1C-D2EFBC72E261}.Release|Any CPU.ActiveCfg = Release|Any CPU
		{6C32211C-016A-4A84-9C1C-D2EFBC72E261}.Release|Any CPU.Build.0 = Release|Any CPU
		{6C32211C-016A-4A84-9C1C-D2EFBC72E261}.Release|ARM.ActiveCfg = Release|Any CPU
		{6C32211C-016A-4A84-9C1C-D2EFBC72E261}.Release|ARM.Build.0 = Release|Any CPU
		{6C32211C-016A-4A84-9C1C-D2EFBC72E261}.Release|x64.ActiveCfg = Release|Any CPU
		{6C32211C-016A-4A84-9C1C-D2EFBC72E261}.Release|x64.Build.0 = Release|Any CPU
		{6C32211C-016A-4A84-9C1C-D2EFBC72E261}.Release|x86.ActiveCfg = Release|Any CPU
		{6C32211C-016A-4A84-9C1C-D2EFBC72E261}.Release|x86.Build.0 = Release|Any CPU
		{11A8D8F6-9E66-412E-9BFC-81CBA6DE7BA9}.Debug|Any CPU.ActiveCfg = Debug|Any CPU
		{11A8D8F6-9E66-412E-9BFC-81CBA6DE7BA9}.Debug|Any CPU.Build.0 = Debug|Any CPU
		{11A8D8F6-9E66-412E-9BFC-81CBA6DE7BA9}.Debug|ARM.ActiveCfg = Debug|Any CPU
		{11A8D8F6-9E66-412E-9BFC-81CBA6DE7BA9}.Debug|ARM.Build.0 = Debug|Any CPU
		{11A8D8F6-9E66-412E-9BFC-81CBA6DE7BA9}.Debug|x64.ActiveCfg = Debug|Any CPU
		{11A8D8F6-9E66-412E-9BFC-81CBA6DE7BA9}.Debug|x64.Build.0 = Debug|Any CPU
		{11A8D8F6-9E66-412E-9BFC-81CBA6DE7BA9}.Debug|x86.ActiveCfg = Debug|Any CPU
		{11A8D8F6-9E66-412E-9BFC-81CBA6DE7BA9}.Debug|x86.Build.0 = Debug|Any CPU
		{11A8D8F6-9E66-412E-9BFC-81CBA6DE7BA9}.Release|Any CPU.ActiveCfg = Release|Any CPU
		{11A8D8F6-9E66-412E-9BFC-81CBA6DE7BA9}.Release|Any CPU.Build.0 = Release|Any CPU
		{11A8D8F6-9E66-412E-9BFC-81CBA6DE7BA9}.Release|ARM.ActiveCfg = Release|Any CPU
		{11A8D8F6-9E66-412E-9BFC-81CBA6DE7BA9}.Release|ARM.Build.0 = Release|Any CPU
		{11A8D8F6-9E66-412E-9BFC-81CBA6DE7BA9}.Release|x64.ActiveCfg = Release|Any CPU
		{11A8D8F6-9E66-412E-9BFC-81CBA6DE7BA9}.Release|x64.Build.0 = Release|Any CPU
		{11A8D8F6-9E66-412E-9BFC-81CBA6DE7BA9}.Release|x86.ActiveCfg = Release|Any CPU
		{11A8D8F6-9E66-412E-9BFC-81CBA6DE7BA9}.Release|x86.Build.0 = Release|Any CPU
		{074AC294-A3E2-4B62-8776-64C47D31BB17}.Debug|Any CPU.ActiveCfg = Debug|Any CPU
		{074AC294-A3E2-4B62-8776-64C47D31BB17}.Debug|Any CPU.Build.0 = Debug|Any CPU
		{074AC294-A3E2-4B62-8776-64C47D31BB17}.Debug|ARM.ActiveCfg = Debug|Any CPU
		{074AC294-A3E2-4B62-8776-64C47D31BB17}.Debug|ARM.Build.0 = Debug|Any CPU
		{074AC294-A3E2-4B62-8776-64C47D31BB17}.Debug|x64.ActiveCfg = Debug|Any CPU
		{074AC294-A3E2-4B62-8776-64C47D31BB17}.Debug|x64.Build.0 = Debug|Any CPU
		{074AC294-A3E2-4B62-8776-64C47D31BB17}.Debug|x86.ActiveCfg = Debug|Any CPU
		{074AC294-A3E2-4B62-8776-64C47D31BB17}.Debug|x86.Build.0 = Debug|Any CPU
		{074AC294-A3E2-4B62-8776-64C47D31BB17}.Release|Any CPU.ActiveCfg = Release|Any CPU
		{074AC294-A3E2-4B62-8776-64C47D31BB17}.Release|Any CPU.Build.0 = Release|Any CPU
		{074AC294-A3E2-4B62-8776-64C47D31BB17}.Release|ARM.ActiveCfg = Release|Any CPU
		{074AC294-A3E2-4B62-8776-64C47D31BB17}.Release|ARM.Build.0 = Release|Any CPU
		{074AC294-A3E2-4B62-8776-64C47D31BB17}.Release|x64.ActiveCfg = Release|Any CPU
		{074AC294-A3E2-4B62-8776-64C47D31BB17}.Release|x64.Build.0 = Release|Any CPU
		{074AC294-A3E2-4B62-8776-64C47D31BB17}.Release|x86.ActiveCfg = Release|Any CPU
		{074AC294-A3E2-4B62-8776-64C47D31BB17}.Release|x86.Build.0 = Release|Any CPU
	EndGlobalSection
	GlobalSection(SolutionProperties) = preSolution
		HideSolutionNode = FALSE
	EndGlobalSection
EndGlobal
